
Microsoft Visual Studio Solution File, Format Version 12.00
# Visual Studio Version 16
VisualStudioVersion = 16.0.30717.126
MinimumVisualStudioVersion = 10.0.40219.1
Project("{FAE04EC0-301F-11D3-BF4B-00C04F79EFBC}") = "MassImageUploader", "MassImageUploader\MassImageUploader.csproj", "{4A9FD9EA-B178-4C99-A82C-3F89F2C66CE2}"
EndProject
Global
	GlobalSection(SolutionConfigurationPlatforms) = preSolution
		Debug|Any CPU = Debug|Any CPU
		Release|Any CPU = Release|Any CPU
	EndGlobalSection
	GlobalSection(ProjectConfigurationPlatforms) = postSolution
		{4A9FD9EA-B178-4C99-A82C-3F89F2C66CE2}.Debug|Any CPU.ActiveCfg = Debug|Any CPU
		{4A9FD9EA-B178-4C99-A82C-3F89F2C66CE2}.Debug|Any CPU.Build.0 = Debug|Any CPU
		{4A9FD9EA-B178-4C99-A82C-3F89F2C66CE2}.Release|Any CPU.ActiveCfg = Release|Any CPU
		{4A9FD9EA-B178-4C99-A82C-3F89F2C66CE2}.Release|Any CPU.Build.0 = Release|Any CPU
	EndGlobalSection
	GlobalSection(SolutionProperties) = preSolution
		HideSolutionNode = FALSE
	EndGlobalSection
	GlobalSection(ExtensibilityGlobals) = postSolution
		SolutionGuid = {6557B1B9-2B66-4C86-B55C-07E8C3FBED9C}
	EndGlobalSection
EndGlobal
